
Microsoft Visual Studio Solution File, Format Version 12.00
Project("{FAE04EC0-301F-11D3-BF4B-00C04F79EFBC}") = "EscapefromDuckov", "EscapefromDuckov.csproj", "{357026B0-47ED-42B7-85A5-666B8635827C}"
EndProject
Project("{FAE04EC0-301F-11D3-BF4B-00C04F79EFBC}") = "NoFog", "NoFog\NoFog.csproj", "{2492683A-E0B6-4638-89D5-1774EFCC27D9}"
EndProject
Project("{FAE04EC0-301F-11D3-BF4B-00C04F79EFBC}") = "DeadNoDrop", "DeadNoDrop\DeadNoDrop.csproj", "{C668EE67-5F7B-4713-B4BB-C2266BA95068}"
EndProject
Project("{FAE04EC0-301F-11D3-BF4B-00C04F79EFBC}") = "HarmonyLoad", "HarmonyLoad\HarmonyLoad.csproj", "{5AB7054F-6200-4C26-931D-D5EBE121E65A}"
EndProject
Project("{FAE04EC0-301F-11D3-BF4B-00C04F79EFBC}") = "MaxStack", "MaxStack\MaxStack.csproj", "{F4DD47F6-75D7-46D4-9385-67EEA088365C}"
EndProject
Project("{FAE04EC0-301F-11D3-BF4B-00C04F79EFBC}") = "DashFast", "DashFast\DashFast.csproj", "{DE36AAA2-E098-410F-9787-7BE5DF238573}"
EndProject
Project("{FAE04EC0-301F-11D3-BF4B-00C04F79EFBC}") = "BetterFishing", "BetterFishing\BetterFishing.csproj", "{57238868-347F-4F69-9294-019763FE872A}"
EndProject
Project("{FAE04EC0-301F-11D3-BF4B-00C04F79EFBC}") = "TeleportHome", "TeleportHome\TeleportHome.csproj", "{7A827CD3-B177-4778-A9D7-0B1F74DFD87A}"
EndProject
Project("{FAE04EC0-301F-11D3-BF4B-00C04F79EFBC}") = "NoDurabilityLoss", "NoDurabilityLoss\NoDurabilityLoss.csproj", "{D3B6A1EB-A914-469E-B2BA-6E8C25B213D8}"
EndProject
Project("{FAE04EC0-301F-11D3-BF4B-00C04F79EFBC}") = "AutoSlowHeal", "AutoSlowHeal\AutoSlowHeal.csproj", "{35E497E0-FB6E-4ED3-856F-EAA1FA0B72FB}"
EndProject
Project("{FAE04EC0-301F-11D3-BF4B-00C04F79EFBC}") = "HighQualityItem", "HighQualityItem\HighQualityItem.csproj", "{3DDD9F30-F64C-4429-BC37-93CC6BAF0E06}"
EndProject
Project("{FAE04EC0-301F-11D3-BF4B-00C04F79EFBC}") = "BetterBlackMarket", "BetterBlackMarket\BetterBlackMarket.csproj", "{69A208AC-6248-455E-8757-54BBBBF4EFB6}"
EndProject
Project("{FAE04EC0-301F-11D3-BF4B-00C04F79EFBC}") = "DuckovSuperDuck", "DuckovSuperDuck\DuckovSuperDuck.csproj", "{02425784-223C-4F8D-89EE-DC7994EB1A8E}"
EndProject
Project("{FAE04EC0-301F-11D3-BF4B-00C04F79EFBC}") = "SuperPet", "SuperPet\SuperPet.csproj", "{AEE2373E-B8F2-46CD-87BC-85F5BF3B38EC}"
EndProject
Project("{FAE04EC0-301F-11D3-BF4B-00C04F79EFBC}") = "WeakerEnemy", "WeakerEnemy\WeakerEnemy.csproj", "{33F724BD-8351-4DCB-B692-92B65151643C}"
EndProject
Project("{FAE04EC0-301F-11D3-BF4B-00C04F79EFBC}") = "StrongerEnemy", "StrongerEnemy\StrongerEnemy.csproj", "{3257C5CA-518F-4C45-909A-6CA9A93ACCCD}"
EndProject
Project("{FAE04EC0-301F-11D3-BF4B-00C04F79EFBC}") = "MoreEnemy", "MoreEnemy\MoreEnemy.csproj", "{340FEAF9-39FC-4944-A9D6-D68F50A1EEDA}"
EndProject
Project("{FAE04EC0-301F-11D3-BF4B-00C04F79EFBC}") = "MoreLootBox", "MoreLootBox\MoreLootBox.csproj", "{23FEA832-FC7C-46FE-8520-685E7705E0B0}"
EndProject
Project("{FAE04EC0-301F-11D3-BF4B-00C04F79EFBC}") = "InfinityDurability", "InfinityDurability\InfinityDurability.csproj", "{6E71CC96-901A-4543-A7B0-F8FE0C6D45A4}"
EndProject
Project("{FAE04EC0-301F-11D3-BF4B-00C04F79EFBC}") = "InfinityBullet", "InfinityBullet\InfinityBullet.csproj", "{00F7B85D-5C6B-421D-90F8-6E6040FD2963}"
EndProject
Project("{FAE04EC0-301F-11D3-BF4B-00C04F79EFBC}") = "BetterEnemy", "BetterEnemy\BetterEnemy.csproj", "{788A365F-77F6-4A4B-B764-0D6BEFF82FB0}"
EndProject
Project("{FAE04EC0-301F-11D3-BF4B-00C04F79EFBC}") = "MergeMyMOD", "MergeMyMOD\MergeMyMOD.csproj", "{6B84F02E-BF9D-4BC3-BDF3-D82C59A6F198}"
EndProject
Project("{FAE04EC0-301F-11D3-BF4B-00C04F79EFBC}") = "MoreEgg", "MoreEgg\MoreEgg.csproj", "{29AEE089-DACF-49D9-B8EB-317242821AFF}"
EndProject
Project("{FAE04EC0-301F-11D3-BF4B-00C04F79EFBC}") = "Teaming", "Teaming\Teaming.csproj", "{C240DF61-9B3D-4528-92A0-8A9B8BD919EB}"
EndProject
Project("{FAE04EC0-301F-11D3-BF4B-00C04F79EFBC}") = "BetterEnemyBrain", "BetterEnemyBrain\BetterEnemyBrain.csproj", "{6F55211F-8560-4AE6-8D15-04293D164DCA}"
EndProject
Project("{FAE04EC0-301F-11D3-BF4B-00C04F79EFBC}") = "BetterJump", "BetterJump\BetterJump.csproj", "{270E6CD2-4B35-4990-B4C6-CDB68F428B3B}"
EndProject
Project("{FAE04EC0-301F-11D3-BF4B-00C04F79EFBC}") = "MoreExplosion", "MoreExplosion\MoreExplosion.csproj", "{8A1B5576-C3D9-4C96-81EB-5308B6261DE6}"
EndProject
Project("{FAE04EC0-301F-11D3-BF4B-00C04F79EFBC}") = "EVE", "EVE\EVE.csproj", "{30D6A0C4-3340-43E3-B745-A042F32F0DC2}"
EndProject
Global
	GlobalSection(SolutionConfigurationPlatforms) = preSolution
		Debug|Any CPU = Debug|Any CPU
		Release|Any CPU = Release|Any CPU
	EndGlobalSection
	GlobalSection(ProjectConfigurationPlatforms) = postSolution
		{357026B0-47ED-42B7-85A5-666B8635827C}.Debug|Any CPU.ActiveCfg = Debug|Any CPU
		{357026B0-47ED-42B7-85A5-666B8635827C}.Debug|Any CPU.Build.0 = Debug|Any CPU
		{357026B0-47ED-42B7-85A5-666B8635827C}.Release|Any CPU.ActiveCfg = Release|Any CPU
		{357026B0-47ED-42B7-85A5-666B8635827C}.Release|Any CPU.Build.0 = Release|Any CPU
		{2492683A-E0B6-4638-89D5-1774EFCC27D9}.Debug|Any CPU.ActiveCfg = Debug|Any CPU
		{2492683A-E0B6-4638-89D5-1774EFCC27D9}.Debug|Any CPU.Build.0 = Debug|Any CPU
		{2492683A-E0B6-4638-89D5-1774EFCC27D9}.Release|Any CPU.ActiveCfg = Release|Any CPU
		{2492683A-E0B6-4638-89D5-1774EFCC27D9}.Release|Any CPU.Build.0 = Release|Any CPU
		{C668EE67-5F7B-4713-B4BB-C2266BA95068}.Debug|Any CPU.ActiveCfg = Debug|Any CPU
		{C668EE67-5F7B-4713-B4BB-C2266BA95068}.Debug|Any CPU.Build.0 = Debug|Any CPU
		{C668EE67-5F7B-4713-B4BB-C2266BA95068}.Release|Any CPU.ActiveCfg = Release|Any CPU
		{C668EE67-5F7B-4713-B4BB-C2266BA95068}.Release|Any CPU.Build.0 = Release|Any CPU
		{5AB7054F-6200-4C26-931D-D5EBE121E65A}.Debug|Any CPU.ActiveCfg = Debug|Any CPU
		{5AB7054F-6200-4C26-931D-D5EBE121E65A}.Debug|Any CPU.Build.0 = Debug|Any CPU
		{5AB7054F-6200-4C26-931D-D5EBE121E65A}.Release|Any CPU.ActiveCfg = Release|Any CPU
		{5AB7054F-6200-4C26-931D-D5EBE121E65A}.Release|Any CPU.Build.0 = Release|Any CPU
		{F4DD47F6-75D7-46D4-9385-67EEA088365C}.Debug|Any CPU.ActiveCfg = Debug|Any CPU
		{F4DD47F6-75D7-46D4-9385-67EEA088365C}.Debug|Any CPU.Build.0 = Debug|Any CPU
		{F4DD47F6-75D7-46D4-9385-67EEA088365C}.Release|Any CPU.ActiveCfg = Release|Any CPU
		{F4DD47F6-75D7-46D4-9385-67EEA088365C}.Release|Any CPU.Build.0 = Release|Any CPU
		{DE36AAA2-E098-410F-9787-7BE5DF238573}.Debug|Any CPU.ActiveCfg = Debug|Any CPU
		{DE36AAA2-E098-410F-9787-7BE5DF238573}.Debug|Any CPU.Build.0 = Debug|Any CPU
		{DE36AAA2-E098-410F-9787-7BE5DF238573}.Release|Any CPU.ActiveCfg = Release|Any CPU
		{DE36AAA2-E098-410F-9787-7BE5DF238573}.Release|Any CPU.Build.0 = Release|Any CPU
		{57238868-347F-4F69-9294-019763FE872A}.Debug|Any CPU.ActiveCfg = Debug|Any CPU
		{57238868-347F-4F69-9294-019763FE872A}.Debug|Any CPU.Build.0 = Debug|Any CPU
		{57238868-347F-4F69-9294-019763FE872A}.Release|Any CPU.ActiveCfg = Release|Any CPU
		{57238868-347F-4F69-9294-019763FE872A}.Release|Any CPU.Build.0 = Release|Any CPU
		{7A827CD3-B177-4778-A9D7-0B1F74DFD87A}.Debug|Any CPU.ActiveCfg = Debug|Any CPU
		{7A827CD3-B177-4778-A9D7-0B1F74DFD87A}.Debug|Any CPU.Build.0 = Debug|Any CPU
		{7A827CD3-B177-4778-A9D7-0B1F74DFD87A}.Release|Any CPU.ActiveCfg = Release|Any CPU
		{7A827CD3-B177-4778-A9D7-0B1F74DFD87A}.Release|Any CPU.Build.0 = Release|Any CPU
		{D3B6A1EB-A914-469E-B2BA-6E8C25B213D8}.Debug|Any CPU.ActiveCfg = Debug|Any CPU
		{D3B6A1EB-A914-469E-B2BA-6E8C25B213D8}.Debug|Any CPU.Build.0 = Debug|Any CPU
		{D3B6A1EB-A914-469E-B2BA-6E8C25B213D8}.Release|Any CPU.ActiveCfg = Release|Any CPU
		{D3B6A1EB-A914-469E-B2BA-6E8C25B213D8}.Release|Any CPU.Build.0 = Release|Any CPU
		{35E497E0-FB6E-4ED3-856F-EAA1FA0B72FB}.Debug|Any CPU.ActiveCfg = Debug|Any CPU
		{35E497E0-FB6E-4ED3-856F-EAA1FA0B72FB}.Debug|Any CPU.Build.0 = Debug|Any CPU
		{35E497E0-FB6E-4ED3-856F-EAA1FA0B72FB}.Release|Any CPU.ActiveCfg = Release|Any CPU
		{35E497E0-FB6E-4ED3-856F-EAA1FA0B72FB}.Release|Any CPU.Build.0 = Release|Any CPU
		{3DDD9F30-F64C-4429-BC37-93CC6BAF0E06}.Debug|Any CPU.ActiveCfg = Debug|Any CPU
		{3DDD9F30-F64C-4429-BC37-93CC6BAF0E06}.Debug|Any CPU.Build.0 = Debug|Any CPU
		{3DDD9F30-F64C-4429-BC37-93CC6BAF0E06}.Release|Any CPU.ActiveCfg = Release|Any CPU
		{3DDD9F30-F64C-4429-BC37-93CC6BAF0E06}.Release|Any CPU.Build.0 = Release|Any CPU
		{69A208AC-6248-455E-8757-54BBBBF4EFB6}.Debug|Any CPU.ActiveCfg = Debug|Any CPU
		{69A208AC-6248-455E-8757-54BBBBF4EFB6}.Debug|Any CPU.Build.0 = Debug|Any CPU
		{69A208AC-6248-455E-8757-54BBBBF4EFB6}.Release|Any CPU.ActiveCfg = Release|Any CPU
		{69A208AC-6248-455E-8757-54BBBBF4EFB6}.Release|Any CPU.Build.0 = Release|Any CPU
		{02425784-223C-4F8D-89EE-DC7994EB1A8E}.Debug|Any CPU.ActiveCfg = Debug|Any CPU
		{02425784-223C-4F8D-89EE-DC7994EB1A8E}.Debug|Any CPU.Build.0 = Debug|Any CPU
		{02425784-223C-4F8D-89EE-DC7994EB1A8E}.Release|Any CPU.ActiveCfg = Release|Any CPU
		{02425784-223C-4F8D-89EE-DC7994EB1A8E}.Release|Any CPU.Build.0 = Release|Any CPU
		{AEE2373E-B8F2-46CD-87BC-85F5BF3B38EC}.Debug|Any CPU.ActiveCfg = Debug|Any CPU
		{AEE2373E-B8F2-46CD-87BC-85F5BF3B38EC}.Debug|Any CPU.Build.0 = Debug|Any CPU
		{AEE2373E-B8F2-46CD-87BC-85F5BF3B38EC}.Release|Any CPU.ActiveCfg = Release|Any CPU
		{AEE2373E-B8F2-46CD-87BC-85F5BF3B38EC}.Release|Any CPU.Build.0 = Release|Any CPU
		{33F724BD-8351-4DCB-B692-92B65151643C}.Debug|Any CPU.ActiveCfg = Debug|Any CPU
		{33F724BD-8351-4DCB-B692-92B65151643C}.Debug|Any CPU.Build.0 = Debug|Any CPU
		{33F724BD-8351-4DCB-B692-92B65151643C}.Release|Any CPU.ActiveCfg = Release|Any CPU
		{33F724BD-8351-4DCB-B692-92B65151643C}.Release|Any CPU.Build.0 = Release|Any CPU
		{3257C5CA-518F-4C45-909A-6CA9A93ACCCD}.Debug|Any CPU.ActiveCfg = Debug|Any CPU
		{3257C5CA-518F-4C45-909A-6CA9A93ACCCD}.Debug|Any CPU.Build.0 = Debug|Any CPU
		{3257C5CA-518F-4C45-909A-6CA9A93ACCCD}.Release|Any CPU.ActiveCfg = Release|Any CPU
		{3257C5CA-518F-4C45-909A-6CA9A93ACCCD}.Release|Any CPU.Build.0 = Release|Any CPU
		{340FEAF9-39FC-4944-A9D6-D68F50A1EEDA}.Debug|Any CPU.ActiveCfg = Debug|Any CPU
		{340FEAF9-39FC-4944-A9D6-D68F50A1EEDA}.Debug|Any CPU.Build.0 = Debug|Any CPU
		{340FEAF9-39FC-4944-A9D6-D68F50A1EEDA}.Release|Any CPU.ActiveCfg = Release|Any CPU
		{340FEAF9-39FC-4944-A9D6-D68F50A1EEDA}.Release|Any CPU.Build.0 = Release|Any CPU
		{23FEA832-FC7C-46FE-8520-685E7705E0B0}.Debug|Any CPU.ActiveCfg = Debug|Any CPU
		{23FEA832-FC7C-46FE-8520-685E7705E0B0}.Debug|Any CPU.Build.0 = Debug|Any CPU
		{23FEA832-FC7C-46FE-8520-685E7705E0B0}.Release|Any CPU.ActiveCfg = Release|Any CPU
		{23FEA832-FC7C-46FE-8520-685E7705E0B0}.Release|Any CPU.Build.0 = Release|Any CPU
		{6E71CC96-901A-4543-A7B0-F8FE0C6D45A4}.Debug|Any CPU.ActiveCfg = Debug|Any CPU
		{6E71CC96-901A-4543-A7B0-F8FE0C6D45A4}.Debug|Any CPU.Build.0 = Debug|Any CPU
		{6E71CC96-901A-4543-A7B0-F8FE0C6D45A4}.Release|Any CPU.ActiveCfg = Release|Any CPU
		{6E71CC96-901A-4543-A7B0-F8FE0C6D45A4}.Release|Any CPU.Build.0 = Release|Any CPU
		{00F7B85D-5C6B-421D-90F8-6E6040FD2963}.Debug|Any CPU.ActiveCfg = Debug|Any CPU
		{00F7B85D-5C6B-421D-90F8-6E6040FD2963}.Debug|Any CPU.Build.0 = Debug|Any CPU
		{00F7B85D-5C6B-421D-90F8-6E6040FD2963}.Release|Any CPU.ActiveCfg = Release|Any CPU
		{00F7B85D-5C6B-421D-90F8-6E6040FD2963}.Release|Any CPU.Build.0 = Release|Any CPU
		{788A365F-77F6-4A4B-B764-0D6BEFF82FB0}.Debug|Any CPU.ActiveCfg = Debug|Any CPU
		{788A365F-77F6-4A4B-B764-0D6BEFF82FB0}.Debug|Any CPU.Build.0 = Debug|Any CPU
		{788A365F-77F6-4A4B-B764-0D6BEFF82FB0}.Release|Any CPU.ActiveCfg = Release|Any CPU
		{788A365F-77F6-4A4B-B764-0D6BEFF82FB0}.Release|Any CPU.Build.0 = Release|Any CPU
		{6B84F02E-BF9D-4BC3-BDF3-D82C59A6F198}.Debug|Any CPU.ActiveCfg = Debug|Any CPU
		{6B84F02E-BF9D-4BC3-BDF3-D82C59A6F198}.Debug|Any CPU.Build.0 = Debug|Any CPU
		{6B84F02E-BF9D-4BC3-BDF3-D82C59A6F198}.Release|Any CPU.ActiveCfg = Release|Any CPU
		{6B84F02E-BF9D-4BC3-BDF3-D82C59A6F198}.Release|Any CPU.Build.0 = Release|Any CPU
		{29AEE089-DACF-49D9-B8EB-317242821AFF}.Debug|Any CPU.ActiveCfg = Debug|Any CPU
		{29AEE089-DACF-49D9-B8EB-317242821AFF}.Debug|Any CPU.Build.0 = Debug|Any CPU
		{29AEE089-DACF-49D9-B8EB-317242821AFF}.Release|Any CPU.ActiveCfg = Release|Any CPU
		{29AEE089-DACF-49D9-B8EB-317242821AFF}.Release|Any CPU.Build.0 = Release|Any CPU
		{C240DF61-9B3D-4528-92A0-8A9B8BD919EB}.Debug|Any CPU.ActiveCfg = Debug|Any CPU
		{C240DF61-9B3D-4528-92A0-8A9B8BD919EB}.Debug|Any CPU.Build.0 = Debug|Any CPU
		{C240DF61-9B3D-4528-92A0-8A9B8BD919EB}.Release|Any CPU.ActiveCfg = Release|Any CPU
		{C240DF61-9B3D-4528-92A0-8A9B8BD919EB}.Release|Any CPU.Build.0 = Release|Any CPU
		{6F55211F-8560-4AE6-8D15-04293D164DCA}.Debug|Any CPU.ActiveCfg = Debug|Any CPU
		{6F55211F-8560-4AE6-8D15-04293D164DCA}.Debug|Any CPU.Build.0 = Debug|Any CPU
		{6F55211F-8560-4AE6-8D15-04293D164DCA}.Release|Any CPU.ActiveCfg = Release|Any CPU
		{6F55211F-8560-4AE6-8D15-04293D164DCA}.Release|Any CPU.Build.0 = Release|Any CPU
		{270E6CD2-4B35-4990-B4C6-CDB68F428B3B}.Debug|Any CPU.ActiveCfg = Debug|Any CPU
		{270E6CD2-4B35-4990-B4C6-CDB68F428B3B}.Debug|Any CPU.Build.0 = Debug|Any CPU
		{270E6CD2-4B35-4990-B4C6-CDB68F428B3B}.Release|Any CPU.ActiveCfg = Release|Any CPU
		{270E6CD2-4B35-4990-B4C6-CDB68F428B3B}.Release|Any CPU.Build.0 = Release|Any CPU
		{8A1B5576-C3D9-4C96-81EB-5308B6261DE6}.Debug|Any CPU.ActiveCfg = Debug|Any CPU
		{8A1B5576-C3D9-4C96-81EB-5308B6261DE6}.Debug|Any CPU.Build.0 = Debug|Any CPU
		{8A1B5576-C3D9-4C96-81EB-5308B6261DE6}.Release|Any CPU.ActiveCfg = Release|Any CPU
		{8A1B5576-C3D9-4C96-81EB-5308B6261DE6}.Release|Any CPU.Build.0 = Release|Any CPU
		{30D6A0C4-3340-43E3-B745-A042F32F0DC2}.Debug|Any CPU.ActiveCfg = Debug|Any CPU
		{30D6A0C4-3340-43E3-B745-A042F32F0DC2}.Debug|Any CPU.Build.0 = Debug|Any CPU
		{30D6A0C4-3340-43E3-B745-A042F32F0DC2}.Release|Any CPU.ActiveCfg = Release|Any CPU
		{30D6A0C4-3340-43E3-B745-A042F32F0DC2}.Release|Any CPU.Build.0 = Release|Any CPU
	EndGlobalSection
EndGlobal
